<?xml version="1.0" encoding="utf-8"?>
<Project ToolsVersion="4.0" xmlns="http://schemas.microsoft.com/developer/msbuild/2003">
  <ItemGroup>
    <Filter Include="Source Files">
      <UniqueIdentifier>{4FC737F1-C7A5-4376-A066-2A32D752A2FF}</UniqueIdentifier>
      <Extensions>cpp;c;cc;cxx;c++;cppm;ixx;def;odl;idl;hpj;bat;asm;asmx</Extensions>
    </Filter>
    <Filter Include="Header Files">
      <UniqueIdentifier>{93995380-89BD-4b04-88EB-625FBE52EBFB}</UniqueIdentifier>
      <Extensions>h;hh;hpp;hxx;h++;hm;inl;inc;ipp;xsd</Extensions>
    </Filter>
    <Filter Include="Resource Files">
      <UniqueIdentifier>{67DA6AB6-F800-4c08-8B7A-83BB121AAD01}</UniqueIdentifier>
      <Extensions>rc;ico;cur;bmp;dlg;rc2;rct;bin;rgs;gif;jpg;jpeg;jpe;resx;tiff;tif;png;wav;mfcribbon-ms</Extensions>
    </Filter>
    <Filter Include="Resource Files\shaders">
      <UniqueIdentifier>{36ccc2d4-23f6-4a54-b87a-c94136f16b64}</UniqueIdentifier>
    </Filter>
  </ItemGroup>
  <ItemGroup>
    <ClInclude Include="Model.h">
      <Filter>Header Files</Filter>
    </ClInclude>
    <ClInclude Include="Mesh.h">
      <Filter>Header Files</Filter>
    </ClInclude>
    <ClInclude Include="ElementBufferObject.h">
      <Filter>Header Files</Filter>
    </ClInclude>
    <ClInclude Include="Shader.h">
      <Filter>Header Files</Filter>
    </ClInclude>
    <ClInclude Include="Texture.h">
      <Filter>Header Files</Filter>
    </ClInclude>
    <ClInclude Include="VertexArrayObject.h">
      <Filter>Header Files</Filter>
    </ClInclude>
    <ClInclude Include="VertexBufferObject.h">
      <Filter>Header Files</Filter>
    </ClInclude>
    <ClInclude Include="GameObject.h">
      <Filter>Header Files</Filter>
    </ClInclude>
    <ClInclude Include="ExplodingObject.h">
      <Filter>Header Files</Filter>
    </ClInclude>
    <ClInclude Include="FileLoader.h">
      <Filter>Header Files</Filter>
    </ClInclude>
    <ClInclude Include="InputHandler.h">
      <Filter>Header Files</Filter>
    </ClInclude>
    <ClInclude Include="Skybox.h">
      <Filter>Header Files</Filter>
    </ClInclude>
    <ClInclude Include="MotionHandler.h">
      <Filter>Header Files</Filter>
    </ClInclude>
    <ClInclude Include="GeneratedGround.h">
      <Filter>Header Files</Filter>
    </ClInclude>
    <ClInclude Include="GeneratedWalls.h">
      <Filter>Header Files</Filter>
    </ClInclude>
    <ClInclude Include="GlitchingObject.h">
      <Filter>Header Files</Filter>
    </ClInclude>
    <ClInclude Include="ProjectileStream.h">
      <Filter>Header Files</Filter>
    </ClInclude>
    <ClInclude Include="NetworkHandler.h">
      <Filter>Header Files</Filter>
    </ClInclude>
    <ClInclude Include="Opponent.h">
      <Filter>Header Files</Filter>
    </ClInclude>
    <ClInclude Include="Player.h">
      <Filter>Header Files</Filter>
    </ClInclude>
    <ClInclude Include="EnergyBarOverlay.h">
      <Filter>Header Files</Filter>
    </ClInclude>
    <ClInclude Include="Overlay.h">
      <Filter>Header Files</Filter>
    </ClInclude>
    <ClInclude Include="ReticleOverlay.h">
      <Filter>Header Files</Filter>
    </ClInclude>
    <ClInclude Include="HealthBarOverlay.h">
      <Filter>Header Files</Filter>
    </ClInclude>
    <ClInclude Include="Camera.h">
      <Filter>Header Files</Filter>
    </ClInclude>
    <ClInclude Include="Rig.h">
      <Filter>Header Files</Filter>
    </ClInclude>
    <ClInclude Include="portaudio.h">
      <Filter>Header Files</Filter>
    </ClInclude>
    <ClInclude Include="Audio.h">
      <Filter>Header Files</Filter>
    </ClInclude>
  </ItemGroup>
  <ItemGroup>
    <ClCompile Include="Model.cpp">
      <Filter>Source Files</Filter>
    </ClCompile>
    <ClCompile Include="Mesh.cpp">
      <Filter>Source Files</Filter>
    </ClCompile>
    <ClCompile Include="ElementBufferObject.cpp">
      <Filter>Source Files</Filter>
    </ClCompile>
    <ClCompile Include="Shader.cpp">
      <Filter>Source Files</Filter>
    </ClCompile>
    <ClCompile Include="Texture.cpp">
      <Filter>Source Files</Filter>
    </ClCompile>
    <ClCompile Include="VertexArrayObject.cpp">
      <Filter>Source Files</Filter>
    </ClCompile>
    <ClCompile Include="VertexBufferObject.cpp">
      <Filter>Source Files</Filter>
    </ClCompile>
    <ClCompile Include="libraries\include\glad\glad.c">
      <Filter>Source Files</Filter>
    </ClCompile>
    <ClCompile Include="libraries\include\stb\stb_image.cpp">
      <Filter>Source Files</Filter>
    </ClCompile>
    <ClCompile Include="GameObject.cpp">
      <Filter>Source Files</Filter>
    </ClCompile>
    <ClCompile Include="ExplodingObject.cpp">
      <Filter>Source Files</Filter>
    </ClCompile>
    <ClCompile Include="InputHandler.cpp">
      <Filter>Source Files</Filter>
    </ClCompile>
    <ClCompile Include="FileLoader.cpp">
      <Filter>Source Files</Filter>
    </ClCompile>
    <ClCompile Include="Skybox.cpp">
      <Filter>Source Files</Filter>
    </ClCompile>
    <ClCompile Include="MotionHandler.cpp">
      <Filter>Source Files</Filter>
    </ClCompile>
    <ClCompile Include="GeneratedGround.cpp">
      <Filter>Source Files</Filter>
    </ClCompile>
    <ClCompile Include="GeneratedWalls.cpp">
      <Filter>Source Files</Filter>
    </ClCompile>
    <ClCompile Include="GlitchingObject.cpp">
      <Filter>Source Files</Filter>
    </ClCompile>
    <ClCompile Include="ProjectileStream.cpp">
      <Filter>Source Files</Filter>
    </ClCompile>
    <ClCompile Include="NetworkHandler.cpp">
      <Filter>Source Files</Filter>
    </ClCompile>
    <ClCompile Include="Main.cpp">
      <Filter>Source Files</Filter>
    </ClCompile>
    <ClCompile Include="Opponent.cpp">
      <Filter>Source Files</Filter>
    </ClCompile>
    <ClCompile Include="Player.cpp">
      <Filter>Source Files</Filter>
    </ClCompile>
    <ClCompile Include="EnergyBarOverlay.cpp">
      <Filter>Source Files</Filter>
    </ClCompile>
    <ClCompile Include="Overlay.cpp">
      <Filter>Source Files</Filter>
    </ClCompile>
    <ClCompile Include="ReticleOverlay.cpp">
      <Filter>Source Files</Filter>
    </ClCompile>
    <ClCompile Include="HealthBarOverlay.cpp">
      <Filter>Source Files</Filter>
    </ClCompile>
    <ClCompile Include="Camera.cpp">
      <Filter>Source Files</Filter>
    </ClCompile>
    <ClCompile Include="Rig.cpp">
      <Filter>Source Files</Filter>
    </ClCompile>
    <ClCompile Include="Audio.cpp">
      <Filter>Source Files</Filter>
    </ClCompile>
    <ClCompile Include="AudioTest.cpp">
      <Filter>Source Files</Filter>
    </ClCompile>
  </ItemGroup>
  <ItemGroup>
    <None Include="standard.frag">
      <Filter>Resource Files\shaders</Filter>
    </None>
    <None Include="standard.vert">
      <Filter>Resource Files\shaders</Filter>
    </None>
    <None Include="skybox.frag">
      <Filter>Resource Files\shaders</Filter>
    </None>
    <None Include="skybox.vert">
      <Filter>Resource Files\shaders</Filter>
    </None>
    <None Include="explosion.frag">
      <Filter>Resource Files\shaders</Filter>
    </None>
    <None Include="explosion.geo">
      <Filter>Resource Files\shaders</Filter>
    </None>
    <None Include="explosion.vert">
      <Filter>Resource Files\shaders</Filter>
    </None>
    <None Include="packages.config" />
    <None Include="glitch.frag">
      <Filter>Resource Files\shaders</Filter>
    </None>
    <None Include="glitch.geo">
      <Filter>Resource Files\shaders</Filter>
    </None>
    <None Include="glitch.vert">
      <Filter>Resource Files\shaders</Filter>
    </None>
    <None Include="2d.frag">
      <Filter>Resource Files\shaders</Filter>
    </None>
    <None Include="2d.vert">
      <Filter>Resource Files\shaders</Filter>
    </None>
    <None Include="HUD.frag">
      <Filter>Resource Files\shaders</Filter>
    </None>
  </ItemGroup>
</Project>